dependencies:
- name: kubetest-operator
  repository: https://kubeshop.github.io/kubetest-operator
  version: 0.5.0
- name: mongodb
  repository: https://charts.bitnami.com/bitnami
  version: 10.0.0
- name: api-server
  repository: https://kubeshop.github.io/kubetest
  version: 0.4.2
- name: postman-executor
  repository: https://kubeshop.github.io/kubetest
  version: 0.4.2
digest: sha256:7693cdbf32a39ebab8be084d23d249b372abc905eb000da3888a14594194679c
generated: "2021-08-17T12:46:18.689166+03:00"
