{
  "name": "playwright-example-test",
  "version": "1.0.0",
  "lockfileVersion": 2,
  "requires": true,
  "packages": {
    "": {
      "name": "playwright-example-test",
      "version": "1.0.0",
      "license": "ISC",
      "devDependencies": {
        "@playwright/test": "^1.32.2"
      }
    },
    "node_modules/@playwright/test": {
      "version": "1.32.2",
      "resolved": "https://registry.npmjs.org/@playwright/test/-/test-1.32.2.tgz",
      "integrity": "sha512-nhaTSDpEdTTttdkDE8Z6K3icuG1DVRxrl98Qq0Lfc63SS9a2sjc9+x8ezysh7MzCKz6Y+nArml3/mmt+gqRmQQ==",
      "dev": true,
      "dependencies": {
        "@types/node": "*",
        "playwright-core": "1.32.2"
      },
      "bin": {
        "playwright": "cli.js"
      },
      "engines": {
        "node": ">=14"
      },
      "optionalDependencies": {
        "fsevents": "2.3.2"
      }
    },
    "node_modules/@types/node": {
      "version": "18.11.18",
      "resolved": "https://registry.npmjs.org/@types/node/-/node-18.11.18.tgz",
      "integrity": "sha512-DHQpWGjyQKSHj3ebjFI/wRKcqQcdR+MoFBygntYOZytCqNfkd2ZC4ARDJ2DQqhjH5p85Nnd3jhUJIXrszFX/JA==",
      "dev": true
    },
    "node_modules/fsevents": {
      "version": "2.3.2",
      "resolved": "https://registry.npmjs.org/fsevents/-/fsevents-2.3.2.tgz",
      "integrity": "sha512-xiqMQR4xAeHTuB9uWm+fFRcIOgKBMiOBP+eXiyT7jsgVCq1bkVygt00oASowB7EdtpOHaaPgKt812P9ab+DDKA==",
      "dev": true,
      "hasInstallScript": true,
      "optional": true,
      "os": [
        "darwin"
      ],
      "engines": {
        "node": "^8.16.0 || ^10.6.0 || >=11.0.0"
      }
    },
    "node_modules/playwright-core": {
      "version": "1.32.2",
      "resolved": "https://registry.npmjs.org/playwright-core/-/playwright-core-1.32.2.tgz",
      "integrity": "sha512-zD7aonO+07kOTthsrCR3YCVnDcqSHIJpdFUtZEMOb6//1Rc7/6mZDRdw+nlzcQiQltOOsiqI3rrSyn/SlyjnJQ==",
      "dev": true,
      "bin": {
        "playwright": "cli.js"
      },
      "engines": {
        "node": ">=14"
      }
    }
  },
  "dependencies": {
    "@playwright/test": {
      "version": "1.32.2",
      "resolved": "https://registry.npmjs.org/@playwright/test/-/test-1.32.2.tgz",
      "integrity": "sha512-nhaTSDpEdTTttdkDE8Z6K3icuG1DVRxrl98Qq0Lfc63SS9a2sjc9+x8ezysh7MzCKz6Y+nArml3/mmt+gqRmQQ==",
      "dev": true,
      "requires": {
        "@types/node": "*",
        "fsevents": "2.3.2",
        "playwright-core": "1.32.2"
      }
    },
    "@types/node": {
      "version": "18.11.18",
      "resolved": "https://registry.npmjs.org/@types/node/-/node-18.11.18.tgz",
      "integrity": "sha512-DHQpWGjyQKSHj3ebjFI/wRKcqQcdR+MoFBygntYOZytCqNfkd2ZC4ARDJ2DQqhjH5p85Nnd3jhUJIXrszFX/JA==",
      "dev": true
    },
    "fsevents": {
      "version": "2.3.2",
      "resolved": "https://registry.npmjs.org/fsevents/-/fsevents-2.3.2.tgz",
      "integrity": "sha512-xiqMQR4xAeHTuB9uWm+fFRcIOgKBMiOBP+eXiyT7jsgVCq1bkVygt00oASowB7EdtpOHaaPgKt812P9ab+DDKA==",
      "dev": true,
      "optional": true
    },
    "playwright-core": {
      "version": "1.32.2",
      "resolved": "https://registry.npmjs.org/playwright-core/-/playwright-core-1.32.2.tgz",
      "integrity": "sha512-zD7aonO+07kOTthsrCR3YCVnDcqSHIJpdFUtZEMOb6//1Rc7/6mZDRdw+nlzcQiQltOOsiqI3rrSyn/SlyjnJQ==",
      "dev": true
    }
  }
}
