lockfileVersion: '6.0'

devDependencies:
  '@playwright/test':
    specifier: ^1.32.2
    version: 1.32.2

packages:

  /@playwright/test@1.32.2:
    resolution: {integrity: sha512-nhaTSDpEdTTttdkDE8Z6K3icuG1DVRxrl98Qq0Lfc63SS9a2sjc9+x8ezysh7MzCKz6Y+nArml3/mmt+gqRmQQ==}
    engines: {node: '>=14'}
    hasBin: true
    dependencies:
      '@types/node': 18.11.18
      playwright-core: 1.32.2
    optionalDependencies:
      fsevents: 2.3.2
    dev: true

  /@types/node@18.11.18:
    resolution: {integrity: sha512-DHQpWGjyQKSHj3ebjFI/wRKcqQcdR+MoFBygntYOZytCqNfkd2ZC4ARDJ2DQqhjH5p85Nnd3jhUJIXrszFX/JA==}
    dev: true

  /fsevents@2.3.2:
    resolution: {integrity: sha512-xiqMQR4xAeHTuB9uWm+fFRcIOgKBMiOBP+eXiyT7jsgVCq1bkVygt00oASowB7EdtpOHaaPgKt812P9ab+DDKA==}
    engines: {node: ^8.16.0 || ^10.6.0 || >=11.0.0}
    os: [darwin]
    requiresBuild: true
    dev: true
    optional: true

  /playwright-core@1.32.2:
    resolution: {integrity: sha512-zD7aonO+07kOTthsrCR3YCVnDcqSHIJpdFUtZEMOb6//1Rc7/6mZDRdw+nlzcQiQltOOsiqI3rrSyn/SlyjnJQ==}
    engines: {node: '>=14'}
    hasBin: true
    dev: true
