lockfileVersion: 5.4

specifiers:
  '@playwright/test': ^1.29.2

devDependencies:
  '@playwright/test': 1.29.2

packages:

  /@playwright/test/1.29.2:
    resolution: {integrity: sha512-+3/GPwOgcoF0xLz/opTnahel1/y42PdcgZ4hs+BZGIUjtmEFSXGg+nFoaH3NSmuc7a6GSFwXDJ5L7VXpqzigNg==}
    engines: {node: '>=14'}
    hasBin: true
    dependencies:
      '@types/node': 18.11.18
      playwright-core: 1.29.2
    dev: true

  /@types/node/18.11.18:
    resolution: {integrity: sha512-DHQpWGjyQKSHj3ebjFI/wRKcqQcdR+MoFBygntYOZytCqNfkd2ZC4ARDJ2DQqhjH5p85Nnd3jhUJIXrszFX/JA==}
    dev: true

  /playwright-core/1.29.2:
    resolution: {integrity: sha512-94QXm4PMgFoHAhlCuoWyaBYKb92yOcGVHdQLoxQ7Wjlc7Flg4aC/jbFW7xMR52OfXMVkWicue4WXE7QEegbIRA==}
    engines: {node: '>=14'}
    hasBin: true
    dev: true
