lockfileVersion: '6.0'

devDependencies:
  '@playwright/test':
    specifier: ^1.32.1
    version: 1.32.1

packages:

  /@playwright/test@1.32.1:
    resolution: {integrity: sha512-FTwjCuhlm1qHUGf4hWjfr64UMJD/z0hXYbk+O387Ioe6WdyZQ+0TBDAc6P+pHjx2xCv1VYNgrKbYrNixFWy4Dg==}
    engines: {node: '>=14'}
    hasBin: true
    dependencies:
      '@types/node': 18.11.18
      playwright-core: 1.32.1
    optionalDependencies:
      fsevents: 2.3.2
    dev: true

  /@types/node@18.11.18:
    resolution: {integrity: sha512-DHQpWGjyQKSHj3ebjFI/wRKcqQcdR+MoFBygntYOZytCqNfkd2ZC4ARDJ2DQqhjH5p85Nnd3jhUJIXrszFX/JA==}
    dev: true

  /fsevents@2.3.2:
    resolution: {integrity: sha512-xiqMQR4xAeHTuB9uWm+fFRcIOgKBMiOBP+eXiyT7jsgVCq1bkVygt00oASowB7EdtpOHaaPgKt812P9ab+DDKA==}
    engines: {node: ^8.16.0 || ^10.6.0 || >=11.0.0}
    os: [darwin]
    requiresBuild: true
    dev: true
    optional: true

  /playwright-core@1.32.1:
    resolution: {integrity: sha512-KZYUQC10mXD2Am1rGlidaalNGYk3LU1vZqqNk0gT4XPty1jOqgup8KDP8l2CUlqoNKhXM5IfGjWgW37xvGllBA==}
    engines: {node: '>=14'}
    hasBin: true
    dev: true
