dependencies:
- name: testkube-operator
  repository: file://../testkube-operator
  version: 2.8.2-rc.0
- name: mongodb
  repository: oci://us-east1-docker.pkg.dev/testkube-cloud-372110/testkube
  version: 8.3.1-0
- name: postgresql
  repository: oci://us-east1-docker.pkg.dev/testkube-cloud-372110/testkube
  version: 18.3-0
- name: cloudnative-pg
  repository: https://cloudnative-pg.github.io/charts
  version: 0.28.2
- name: cluster
  repository: https://cloudnative-pg.github.io/charts
  version: 0.6.1
- name: nats
  repository: file://./charts/nats
  version: 1.2.6-4
- name: testkube-api
  repository: file://../testkube-api
  version: 2.10.2-rc.0
- name: global
  repository: file://../global
  version: 0.1.3
digest: sha256:454e7687aefc425e303f156bc1fc1ee57f765d16abce9c5428a65da757e9bf64
generated: "2026-06-16T08:10:54.736188698Z"
