dependencies:
- name: testkube-operator
  repository: file://../testkube-operator
  version: 2.8.0
- name: mongodb
  repository: oci://us-east1-docker.pkg.dev/testkube-cloud-372110/testkube
  version: 8.3.1-0
- name: postgresql
  repository: oci://us-east1-docker.pkg.dev/testkube-cloud-372110/testkube
  version: 18.3-0
- name: cloudnative-pg
  repository: https://cloudnative-pg.github.io/charts
  version: 0.28.2
- name: cluster
  repository: https://cloudnative-pg.github.io/charts
  version: 0.6.1
- name: nats
  repository: file://./charts/nats
  version: 1.2.6-4
- name: testkube-api
  repository: file://../testkube-api
  version: 2.10.0
- name: global
  repository: file://../global
  version: 0.1.3
digest: sha256:d869fd8524245662558333419e6750a18eb0ed8928b8882f606f4177eac3e5ba
generated: "2026-06-01T08:32:05.250166277Z"
